
Microsoft Visual Studio Solution File, Format Version 12.00
# Visual Studio Version 16
VisualStudioVersion = 16.0.29215.179
MinimumVisualStudioVersion = 10.0.40219.1
Project("{FAE04EC0-301F-11D3-BF4B-00C04F79EFBC}") = "ISMDraw", "ISMDraw\ISMDraw.csproj", "{D3C927EB-35DB-46FF-89AB-086AEDDD28B4}"
EndProject
Project("{FAE04EC0-301F-11D3-BF4B-00C04F79EFBC}") = "ShapeLibrary", "ShapeLibrary\ShapeLibrary.csproj", "{1E46303C-928E-4A51-9F03-BF324ABE5ED2}"
EndProject
Project("{FAE04EC0-301F-11D3-BF4B-00C04F79EFBC}") = "Peint", "Peint\Peint.csproj", "{F1FD5667-580D-4AB7-AE10-FC1C1DAA96D2}"
EndProject
Global
	GlobalSection(SolutionConfigurationPlatforms) = preSolution
		Debug|Any CPU = Debug|Any CPU
		Release|Any CPU = Release|Any CPU
	EndGlobalSection
	GlobalSection(ProjectConfigurationPlatforms) = postSolution
		{D3C927EB-35DB-46FF-89AB-086AEDDD28B4}.Debug|Any CPU.ActiveCfg = Debug|Any CPU
		{D3C927EB-35DB-46FF-89AB-086AEDDD28B4}.Debug|Any CPU.Build.0 = Debug|Any CPU
		{D3C927EB-35DB-46FF-89AB-086AEDDD28B4}.Release|Any CPU.ActiveCfg = Release|Any CPU
		{D3C927EB-35DB-46FF-89AB-086AEDDD28B4}.Release|Any CPU.Build.0 = Release|Any CPU
		{1E46303C-928E-4A51-9F03-BF324ABE5ED2}.Debug|Any CPU.ActiveCfg = Debug|Any CPU
		{1E46303C-928E-4A51-9F03-BF324ABE5ED2}.Debug|Any CPU.Build.0 = Debug|Any CPU
		{1E46303C-928E-4A51-9F03-BF324ABE5ED2}.Release|Any CPU.ActiveCfg = Release|Any CPU
		{1E46303C-928E-4A51-9F03-BF324ABE5ED2}.Release|Any CPU.Build.0 = Release|Any CPU
		{F1FD5667-580D-4AB7-AE10-FC1C1DAA96D2}.Debug|Any CPU.ActiveCfg = Debug|Any CPU
		{F1FD5667-580D-4AB7-AE10-FC1C1DAA96D2}.Debug|Any CPU.Build.0 = Debug|Any CPU
		{F1FD5667-580D-4AB7-AE10-FC1C1DAA96D2}.Release|Any CPU.ActiveCfg = Release|Any CPU
		{F1FD5667-580D-4AB7-AE10-FC1C1DAA96D2}.Release|Any CPU.Build.0 = Release|Any CPU
	EndGlobalSection
	GlobalSection(SolutionProperties) = preSolution
		HideSolutionNode = FALSE
	EndGlobalSection
	GlobalSection(ExtensibilityGlobals) = postSolution
		SolutionGuid = {5AA30BC7-286D-49CD-88FA-970B941D2451}
	EndGlobalSection
EndGlobal
